{
    "name": "authenticate-me",
    "version": "1.0.0",
    "lockfileVersion": 1,
    "requires": true,
    "dependencies": {
        "@babel/runtime": {
            "version": "7.13.7",
            "resolved": "https://registry.npmjs.org/@babel/runtime/-/runtime-7.13.7.tgz",
            "integrity": "sha512-h+ilqoX998mRVM5FtB5ijRuHUDVt5l3yfoOi2uh18Z/O3hvyaHQ39NpxVkCIG5yFs+mLq/ewFp8Bss6zmWv6ZA==",
            "requires": {
                "regenerator-runtime": "^0.13.4"
            }
        },
        "@react-md/alert": {
            "version": "2.6.0",
            "resolved": "https://registry.npmjs.org/@react-md/alert/-/alert-2.6.0.tgz",
            "integrity": "sha512-gEVBtKLNapWjjl5EE6N5aZgP2yER7P9mhKsht+ZP36sBPvX/bmFNF14X5U6gLdQkk+3C4OdCPz601XvmCFhcyA==",
            "requires": {
                "@react-md/button": "^2.6.0",
                "@react-md/elevation": "^2.6.0",
                "@react-md/portal": "^2.5.0",
                "@react-md/theme": "^2.6.0",
                "@react-md/transition": "^2.6.0",
                "@react-md/typography": "^2.6.0",
                "@react-md/utils": "^2.6.0",
                "classnames": "^2.2.6",
                "prop-types": ">= 15.6",
                "react-transition-group": "^4.4.1"
            }
        },
        "@react-md/app-bar": {
            "version": "2.6.0",
            "resolved": "https://registry.npmjs.org/@react-md/app-bar/-/app-bar-2.6.0.tgz",
            "integrity": "sha512-L+GjMEQ5V/1SXeBtAXfcLSARrkQcQe3lzGxEp3mKc7TfQJppgDF+fxDWd5Db/t4hocB55BSEooJ3wGyrnnY/mg==",
            "requires": {
                "@react-md/button": "^2.6.0",
                "@react-md/elevation": "^2.6.0",
                "@react-md/icon": "^2.6.0",
                "@react-md/theme": "^2.6.0",
                "@react-md/typography": "^2.6.0",
                "@react-md/utils": "^2.6.0",
                "classnames": "^2.2.6",
                "prop-types": ">= 15.6"
            }
        },
        "@react-md/autocomplete": {
            "version": "2.6.0",
            "resolved": "https://registry.npmjs.org/@react-md/autocomplete/-/autocomplete-2.6.0.tgz",
            "integrity": "sha512-VDndWG6ivjpMX9JMLBbwg2ZnHJZ7/hiLK8arsAE+7SP+HPErQHRor6DqeghJLjTD06qsTS1o4klpFuNh4zbKLg==",
            "requires": {
                "@react-md/form": "^2.6.0",
                "@react-md/list": "^2.6.0",
                "@react-md/portal": "^2.5.0",
                "@react-md/states": "^2.6.0",
                "@react-md/theme": "^2.6.0",
                "@react-md/transition": "^2.6.0",
                "@react-md/typography": "^2.6.0",
                "@react-md/utils": "^2.6.0",
                "classnames": "^2.2.6",
                "prop-types": ">= 15.6"
            }
        },
        "@react-md/avatar": {
            "version": "2.6.0",
            "resolved": "https://registry.npmjs.org/@react-md/avatar/-/avatar-2.6.0.tgz",
            "integrity": "sha512-EJ/BlNr7ksyoYwj0qWRQuYjvpltJg9EUwwawN7wr5gXhWSDjx4Y3sHbXmgWKvKMAyyKkmbgrvbX+YB5DSChyCg==",
            "requires": {
                "@react-md/icon": "^2.6.0",
                "@react-md/theme": "^2.6.0",
                "@react-md/utils": "^2.6.0",
                "classnames": "^2.2.6",
                "prop-types": ">= 15.6"
            }
        },
        "@react-md/badge": {
            "version": "2.6.0",
            "resolved": "https://registry.npmjs.org/@react-md/badge/-/badge-2.6.0.tgz",
            "integrity": "sha512-hAuNI08FlIrJwzlhkHH6NX/F8iez3ZXIP6uA/bcGbyU0/EH3Rbes+LcEL2ruoDJt/SNnPq8LLpem4hSzMqXWUQ==",
            "requires": {
                "@react-md/button": "^2.6.0",
                "@react-md/icon": "^2.6.0",
                "@react-md/theme": "^2.6.0",
                "@react-md/typography": "^2.6.0",
                "@react-md/utils": "^2.6.0",
                "classnames": "^2.2.6",
                "prop-types": ">= 15.6"
            }
        },
        "@react-md/button": {
            "version": "2.6.0",
            "resolved": "https://registry.npmjs.org/@react-md/button/-/button-2.6.0.tgz",
            "integrity": "sha512-AmX7xYvsq+a/DvTDX58GQW8EHE4Tb+DcMShfmZheXQtudMnYMNRvOiduTnm8AIAT8nqr0cjC7mRn5IFyiT7GXQ==",
            "requires": {
                "@react-md/elevation": "^2.6.0",
                "@react-md/icon": "^2.6.0",
                "@react-md/states": "^2.6.0",
                "@react-md/theme": "^2.6.0",
                "@react-md/transition": "^2.6.0",
                "@react-md/typography": "^2.6.0",
                "@react-md/utils": "^2.6.0",
                "classnames": "^2.2.6",
                "prop-types": ">= 15.6"
            }
        },
        "@react-md/card": {
            "version": "2.6.0",
            "resolved": "https://registry.npmjs.org/@react-md/card/-/card-2.6.0.tgz",
            "integrity": "sha512-n53vr+W7c4AJiCBLBPvt3RoEe45ohdB0I7++tqZJ9hR1PdP+YKo1adqVfsWAXZSAOV4fBUkIrgO2UPdn6AqsWA==",
            "requires": {
                "@react-md/divider": "^2.6.0",
                "@react-md/elevation": "^2.6.0",
                "@react-md/icon": "^2.6.0",
                "@react-md/states": "^2.6.0",
                "@react-md/theme": "^2.6.0",
                "@react-md/typography": "^2.6.0",
                "@react-md/utils": "^2.6.0",
                "classnames": "^2.2.6",
                "prop-types": ">= 15.6"
            }
        },
        "@react-md/chip": {
            "version": "2.6.0",
            "resolved": "https://registry.npmjs.org/@react-md/chip/-/chip-2.6.0.tgz",
            "integrity": "sha512-KuU0OZzOwMbpkA/ofzn6deLPC1JHaACCTm+SM5o/w8zs2eCtJVIkoddfAw5Vg/qu59UqWzZRpIsajPeXjanoYA==",
            "requires": {
                "@react-md/elevation": "^2.6.0",
                "@react-md/icon": "^2.6.0",
                "@react-md/states": "^2.6.0",
                "@react-md/theme": "^2.6.0",
                "@react-md/typography": "^2.6.0",
                "@react-md/utils": "^2.6.0",
                "classnames": "^2.2.6",
                "prop-types": ">= 15.6"
            }
        },
        "@react-md/dialog": {
            "version": "2.6.0",
            "resolved": "https://registry.npmjs.org/@react-md/dialog/-/dialog-2.6.0.tgz",
            "integrity": "sha512-Idb6GpU2umtMzuNmlu8iHjolvrkJ+ccqEqjbEd5fAIscufroODDNrx3hAqTlomkrE8TZUvENlkc+unaPQ7eK/g==",
            "requires": {
                "@react-md/app-bar": "^2.6.0",
                "@react-md/elevation": "^2.6.0",
                "@react-md/overlay": "^2.6.0",
                "@react-md/portal": "^2.5.0",
                "@react-md/theme": "^2.6.0",
                "@react-md/transition": "^2.6.0",
                "@react-md/typography": "^2.6.0",
                "@react-md/utils": "^2.6.0",
                "classnames": "^2.2.6",
                "prop-types": ">= 15.6",
                "react-transition-group": "^4.4.1"
            }
        },
        "@react-md/divider": {
            "version": "2.6.0",
            "resolved": "https://registry.npmjs.org/@react-md/divider/-/divider-2.6.0.tgz",
            "integrity": "sha512-EKlg90KFpwEGDa5edf6qw7Drf9USiC2dUuTG2ZcLXUll3UTs37MLOL8vnLMLZcrECi7ZVAWlJjTl8TgAZAZvhQ==",
            "requires": {
                "@react-md/theme": "^2.6.0",
                "@react-md/utils": "^2.6.0",
                "classnames": "^2.2.6",
                "prop-types": ">= 15.6"
            }
        },
        "@react-md/elevation": {
            "version": "2.6.0",
            "resolved": "https://registry.npmjs.org/@react-md/elevation/-/elevation-2.6.0.tgz",
            "integrity": "sha512-Vr0B8HObLj5AJe7oxIWVUW8jNQIDX+Os4F1lVsf/ADwy2wnPqrmuFyatVu7Ns5nv/24nqEuHn3EU7O7aHV08Ug==",
            "requires": {
                "@react-md/theme": "^2.6.0",
                "@react-md/transition": "^2.6.0",
                "@react-md/utils": "^2.6.0"
            }
        },
        "@react-md/expansion-panel": {
            "version": "2.6.0",
            "resolved": "https://registry.npmjs.org/@react-md/expansion-panel/-/expansion-panel-2.6.0.tgz",
            "integrity": "sha512-9GNGs0A/nXDnq445EHvb+Q3LB5ecBnwdR3bCLpyW/SITaxLhAALWR1DpoYimUMkDC87BPBY7DjLjnZDfGFA9Sg==",
            "requires": {
                "@react-md/button": "^2.6.0",
                "@react-md/card": "^2.6.0",
                "@react-md/icon": "^2.6.0",
                "@react-md/theme": "^2.6.0",
                "@react-md/transition": "^2.6.0",
                "@react-md/utils": "^2.6.0",
                "classnames": "^2.2.6",
                "prop-types": ">= 15.6"
            }
        },
        "@react-md/form": {
            "version": "2.6.0",
            "resolved": "https://registry.npmjs.org/@react-md/form/-/form-2.6.0.tgz",
            "integrity": "sha512-L62i7SzZzX1Eqzh9B0Q30by0PY+eRHddfsC7zXBfs+VcYf78Y35I9q+6inERnE8iJVPFSSWeGs5r5KABbkkiPg==",
            "requires": {
                "@react-md/button": "^2.6.0",
                "@react-md/icon": "^2.6.0",
                "@react-md/list": "^2.6.0",
                "@react-md/portal": "^2.5.0",
                "@react-md/progress": "^2.6.0",
                "@react-md/states": "^2.6.0",
                "@react-md/theme": "^2.6.0",
                "@react-md/tooltip": "^2.6.0",
                "@react-md/transition": "^2.6.0",
                "@react-md/typography": "^2.6.0",
                "@react-md/utils": "^2.6.0",
                "classnames": "^2.2.6",
                "prop-types": ">= 15.6"
            }
        },
        "@react-md/icon": {
            "version": "2.6.0",
            "resolved": "https://registry.npmjs.org/@react-md/icon/-/icon-2.6.0.tgz",
            "integrity": "sha512-Jm4jopu7W7X2ilncDFZGF1G3dKvWZrBC/Kaxc2zG3TWnXAbjvhRf1fU8bKSCCOgkYDBU4lxoXL0VsCbGwGiW6g==",
            "requires": {
                "@react-md/theme": "^2.6.0",
                "@react-md/typography": "^2.6.0",
                "@react-md/utils": "^2.6.0",
                "classnames": "^2.2.6",
                "prop-types": ">= 15.6"
            }
        },
        "@react-md/layout": {
            "version": "2.6.0",
            "resolved": "https://registry.npmjs.org/@react-md/layout/-/layout-2.6.0.tgz",
            "integrity": "sha512-yP5vNbsT9l5LIsXEMhbbLQ0DnbctOecj1oqCGL3EX9GW4ldo0aWeSjR/jBWrF1QzvZvw2MCcFlRUQx0L/iH2Tw==",
            "requires": {
                "@react-md/app-bar": "^2.6.0",
                "@react-md/dialog": "^2.6.0",
                "@react-md/divider": "^2.6.0",
                "@react-md/form": "^2.6.0",
                "@react-md/icon": "^2.6.0",
                "@react-md/link": "^2.6.0",
                "@react-md/list": "^2.6.0",
                "@react-md/sheet": "^2.6.0",
                "@react-md/states": "^2.6.0",
                "@react-md/theme": "^2.6.0",
                "@react-md/tooltip": "^2.6.0",
                "@react-md/transition": "^2.6.0",
                "@react-md/tree": "^2.6.0",
                "@react-md/typography": "^2.6.0",
                "@react-md/utils": "^2.6.0",
                "classnames": "^2.2.6",
                "prop-types": ">= 15.6"
            }
        },
        "@react-md/link": {
            "version": "2.6.0",
            "resolved": "https://registry.npmjs.org/@react-md/link/-/link-2.6.0.tgz",
            "integrity": "sha512-swi3B18vFBawGVzmDhaXrtu4rP1ZHKaklvqOeCcTDGFO1I3IsxeyhGwijs9aIHgU+E/RqTowkPL5f8Nz/JCT0Q==",
            "requires": {
                "@react-md/states": "^2.6.0",
                "@react-md/theme": "^2.6.0",
                "@react-md/transition": "^2.6.0",
                "@react-md/typography": "^2.6.0",
                "classnames": "^2.2.6",
                "prop-types": "^15.6.2"
            }
        },
        "@react-md/list": {
            "version": "2.6.0",
            "resolved": "https://registry.npmjs.org/@react-md/list/-/list-2.6.0.tgz",
            "integrity": "sha512-n4UuBIttNvKGPVXjVCHT1M8icijknNQtP4bK/0YkQxlWHGxm/NkdMVrrXB0skf4DRtBErZwhILv2M0S8XdNn2Q==",
            "requires": {
                "@react-md/avatar": "^2.6.0",
                "@react-md/divider": "^2.6.0",
                "@react-md/icon": "^2.6.0",
                "@react-md/states": "^2.6.0",
                "@react-md/theme": "^2.6.0",
                "@react-md/typography": "^2.6.0",
                "@react-md/utils": "^2.6.0",
                "classnames": "^2.2.6",
                "prop-types": ">= 15.6"
            }
        },
        "@react-md/material-icons": {
            "version": "2.6.0",
            "resolved": "https://registry.npmjs.org/@react-md/material-icons/-/material-icons-2.6.0.tgz",
            "integrity": "sha512-k7olBBvAxTeKgS57w982ajaobJ5H1Q9jizXVr9ic2/DoL7/NEEl9CyRSTzlaXlPEuTXKb/gKnLdGx1fmJpsIcQ==",
            "requires": {
                "@react-md/icon": "^2.6.0"
            }
        },
        "@react-md/media": {
            "version": "2.6.0",
            "resolved": "https://registry.npmjs.org/@react-md/media/-/media-2.6.0.tgz",
            "integrity": "sha512-11mjI3J4KVXF217YB+5UNjXKl9nI0MmIGqXqcsTixsblbH64Qhx73EriloogAYQC4hZZ3vrdo8RPWqe7PxBfSg==",
            "requires": {
                "@react-md/theme": "^2.6.0",
                "@react-md/utils": "^2.6.0",
                "classnames": "^2.2.6",
                "prop-types": ">= 15.6"
            }
        },
        "@react-md/menu": {
            "version": "2.6.0",
            "resolved": "https://registry.npmjs.org/@react-md/menu/-/menu-2.6.0.tgz",
            "integrity": "sha512-Mioukq6zq4aHntsHwym0E3OmnP8KlUaJSUxz0SFj+JlcgTHSRrz4CCrvATLpn7x8np6fgkXlysj7VCzFi+8RhQ==",
            "requires": {
                "@react-md/app-bar": "^2.6.0",
                "@react-md/button": "^2.6.0",
                "@react-md/divider": "^2.6.0",
                "@react-md/elevation": "^2.6.0",
                "@react-md/icon": "^2.6.0",
                "@react-md/list": "^2.6.0",
                "@react-md/states": "^2.6.0",
                "@react-md/theme": "^2.6.0",
                "@react-md/typography": "^2.6.0",
                "@react-md/utils": "^2.6.0",
                "classnames": "^2.2.6",
                "prop-types": ">= 15.6"
            }
        },
        "@react-md/overlay": {
            "version": "2.6.0",
            "resolved": "https://registry.npmjs.org/@react-md/overlay/-/overlay-2.6.0.tgz",
            "integrity": "sha512-ZTQIgb6IUGsL9yeT0X3UH6WRaVehiNAMshaIZLjfraOqZQ9C1+63LLCqOlH1xUFXC1yuftlrAAN6NdA9M+ZkUw==",
            "requires": {
                "@react-md/portal": "^2.5.0",
                "@react-md/theme": "^2.6.0",
                "@react-md/transition": "^2.6.0",
                "@react-md/utils": "^2.6.0",
                "classnames": "^2.2.6",
                "prop-types": ">= 15.6",
                "react-transition-group": "^4.4.1"
            }
        },
        "@react-md/portal": {
            "version": "2.5.0",
            "resolved": "https://registry.npmjs.org/@react-md/portal/-/portal-2.5.0.tgz",
            "integrity": "sha512-+wrdNxxJW1/Qwd6AL37zk7qYcjpo3ZFn2ZDj8VIJgRA5Bd/tLQUPw0pTZAuFSY21iXq4v1JHDqGvXb42sgxJEw==",
            "requires": {
                "prop-types": ">= 15.6"
            }
        },
        "@react-md/progress": {
            "version": "2.6.0",
            "resolved": "https://registry.npmjs.org/@react-md/progress/-/progress-2.6.0.tgz",
            "integrity": "sha512-M3MNJZsEYc+DcnyJPs6y1ctY4reBEjI3x+19FDyizlDO8+jZoht3TaXfLujXHAcruS1dBNzZM4oVAlrGwPoUjA==",
            "requires": {
                "@react-md/theme": "^2.6.0",
                "@react-md/transition": "^2.6.0",
                "@react-md/utils": "^2.6.0",
                "classnames": "^2.2.6",
                "prop-types": ">= 15.6"
            }
        },
        "@react-md/sheet": {
            "version": "2.6.0",
            "resolved": "https://registry.npmjs.org/@react-md/sheet/-/sheet-2.6.0.tgz",
            "integrity": "sha512-aChQP5Ps366aEJsnHCRrN2EHgdgoquj9I+M3gcWgA7XOLn+zHgX4HnAoK/EBEzaYUigshi+QrinhGC/JhLlh5g==",
            "requires": {
                "@react-md/dialog": "^2.6.0",
                "@react-md/elevation": "^2.6.0",
                "@react-md/overlay": "^2.6.0",
                "@react-md/theme": "^2.6.0",
                "@react-md/transition": "^2.6.0",
                "@react-md/utils": "^2.6.0",
                "classnames": "^2.2.6",
                "prop-types": ">= 15.6"
            }
        },
        "@react-md/states": {
            "version": "2.6.0",
            "resolved": "https://registry.npmjs.org/@react-md/states/-/states-2.6.0.tgz",
            "integrity": "sha512-XyTX90kpJ/5sYaznSxJsuHxOTkETXPLvqnF48Tno4qLOXSVwd0KLoS6MLvjnwzTP3mJBl8F1deTrV5I8oy/fKw==",
            "requires": {
                "@react-md/theme": "^2.6.0",
                "@react-md/transition": "^2.6.0",
                "@react-md/utils": "^2.6.0",
                "prop-types": ">= 15.6",
                "react-transition-group": "^4.4.1"
            }
        },
        "@react-md/table": {
            "version": "2.6.0",
            "resolved": "https://registry.npmjs.org/@react-md/table/-/table-2.6.0.tgz",
            "integrity": "sha512-pw2FiLcXl3OgMKKHqSnjnDWd8lQAeCszoIxmYWuIY9GaxsxrBN+P6X9lMG5QNP4ceqbqMkgow5uQZkfKaGwZEw==",
            "requires": {
                "@react-md/divider": "^2.6.0",
                "@react-md/form": "^2.6.0",
                "@react-md/theme": "^2.6.0",
                "@react-md/transition": "^2.6.0",
                "@react-md/typography": "^2.6.0",
                "@react-md/utils": "^2.6.0",
                "classnames": "^2.2.6",
                "prop-types": ">= 15.6"
            }
        },
        "@react-md/tabs": {
            "version": "2.6.0",
            "resolved": "https://registry.npmjs.org/@react-md/tabs/-/tabs-2.6.0.tgz",
            "integrity": "sha512-B/uzS/xVGKCZQFy+ovRzUOSnrXzH1XT3MgSyVqc4GmL1hEkNAhiVDMkAQlgSfY0ZhzRize1goWW1XIsFLhn2Lw==",
            "requires": {
                "@react-md/icon": "^2.6.0",
                "@react-md/states": "^2.6.0",
                "@react-md/theme": "^2.6.0",
                "@react-md/transition": "^2.6.0",
                "@react-md/typography": "^2.6.0",
                "@react-md/utils": "^2.6.0",
                "classnames": "^2.2.6",
                "prop-types": ">= 15.6",
                "react-transition-group": "^4.4.1"
            }
        },
        "@react-md/theme": {
            "version": "2.6.0",
            "resolved": "https://registry.npmjs.org/@react-md/theme/-/theme-2.6.0.tgz",
            "integrity": "sha512-sQAXsDrZWMAy2IoP5PZnTCHZVxzj3Ldp1uoNtd3KwYDOco7ZGB58cNpRPw+QBmQxNOMwuDH6nL8KMZiRKGn7gQ==",
            "requires": {
                "@react-md/utils": "^2.6.0",
                "prop-types": ">= 15.6"
            }
        },
        "@react-md/tooltip": {
            "version": "2.6.0",
            "resolved": "https://registry.npmjs.org/@react-md/tooltip/-/tooltip-2.6.0.tgz",
            "integrity": "sha512-IfKIDS47Klc1giO4UrS5zs6j1RXHc3MY4LRPOrLa3YT0OYm1HVZsQMDzNAjmhz+ID1VrPeJ3fqrs5uT9e3sn0w==",
            "requires": {
                "@react-md/portal": "^2.5.0",
                "@react-md/theme": "^2.6.0",
                "@react-md/transition": "^2.6.0",
                "@react-md/typography": "^2.6.0",
                "@react-md/utils": "^2.6.0",
                "classnames": "^2.2.6",
                "prop-types": ">= 15.6",
                "react-transition-group": "^4.4.1"
            }
        },
        "@react-md/transition": {
            "version": "2.6.0",
            "resolved": "https://registry.npmjs.org/@react-md/transition/-/transition-2.6.0.tgz",
            "integrity": "sha512-HMldWx+9fuZgEKIjXtIwpjDQOI2e0FYiq4ezUmoRIzJvBsHYdL/hTRCsY+ZO2kCE04G9/hdIqPTccRPepuYi8Q==",
            "requires": {
                "@react-md/portal": "^2.5.0",
                "@react-md/theme": "^2.6.0",
                "@react-md/utils": "^2.6.0",
                "@types/react-transition-group": "^4.2.4",
                "classnames": "^2.2.6",
                "prop-types": ">= 15.6",
                "react-transition-group": "^4.4.1"
            }
        },
        "@react-md/tree": {
            "version": "2.6.0",
            "resolved": "https://registry.npmjs.org/@react-md/tree/-/tree-2.6.0.tgz",
            "integrity": "sha512-v7WXhy9t8porUhHDyRBDmCFJHulvmkEN+Cyv2Uce6BVcvxAeh3U8aqMr2DvIc81eEifCZJAih0qZq0gKS+fU9A==",
            "requires": {
                "@react-md/icon": "^2.6.0",
                "@react-md/list": "^2.6.0",
                "@react-md/theme": "^2.6.0",
                "@react-md/transition": "^2.6.0",
                "@react-md/utils": "^2.6.0",
                "classnames": "^2.2.6",
                "prop-types": ">= 15.6"
            }
        },
        "@react-md/typography": {
            "version": "2.6.0",
            "resolved": "https://registry.npmjs.org/@react-md/typography/-/typography-2.6.0.tgz",
            "integrity": "sha512-2Nla3oylrdPacfnOlbYcxnx6gj9Hyyx6wsiWl+5BuX0ivDrShGxo4B8drMPKNsLtPKL7UtblT8B5j9P5ovI3MQ==",
            "requires": {
                "@react-md/theme": "^2.6.0",
                "@react-md/utils": "^2.6.0",
                "classnames": "^2.2.6",
                "prop-types": ">= 15.6"
            }
        },
        "@react-md/utils": {
            "version": "2.6.0",
            "resolved": "https://registry.npmjs.org/@react-md/utils/-/utils-2.6.0.tgz",
            "integrity": "sha512-BOjf5qryjbat3USherQCmZXoxvGicF94vALNB4PvMwPcz25MJy+1j2PkqZl774BA3eAhiBRQiDnu3Ak7a15T6Q==",
            "requires": {
                "classnames": "^2.2.6",
                "resize-observer-polyfill": "^1.5.1"
            }
        },
        "@types/prop-types": {
            "version": "15.7.3",
            "resolved": "https://registry.npmjs.org/@types/prop-types/-/prop-types-15.7.3.tgz",
            "integrity": "sha512-KfRL3PuHmqQLOG+2tGpRO26Ctg+Cq1E01D2DMriKEATHgWLfeNDmq9e29Q9WIky0dQ3NPkd1mzYH8Lm936Z9qw=="
        },
        "@types/react": {
            "version": "17.0.2",
            "resolved": "https://registry.npmjs.org/@types/react/-/react-17.0.2.tgz",
            "integrity": "sha512-Xt40xQsrkdvjn1EyWe1Bc0dJLcil/9x2vAuW7ya+PuQip4UYUaXyhzWmAbwRsdMgwOFHpfp7/FFZebDU6Y8VHA==",
            "requires": {
                "@types/prop-types": "*",
                "csstype": "^3.0.2"
            }
        },
        "@types/react-transition-group": {
            "version": "4.4.1",
            "resolved": "https://registry.npmjs.org/@types/react-transition-group/-/react-transition-group-4.4.1.tgz",
            "integrity": "sha512-vIo69qKKcYoJ8wKCJjwSgCTM+z3chw3g18dkrDfVX665tMH7tmbDxEAnPdey4gTlwZz5QuHGzd+hul0OVZDqqQ==",
            "requires": {
                "@types/react": "*"
            }
        },
        "classnames": {
            "version": "2.2.6",
            "resolved": "https://registry.npmjs.org/classnames/-/classnames-2.2.6.tgz",
            "integrity": "sha512-JR/iSQOSt+LQIWwrwEzJ9uk0xfN3mTVYMwt1Ir5mUcSN6pU+V4zQFFaJsclJbPuAUQH+yfWef6tm7l1quW3C8Q=="
        },
        "csstype": {
            "version": "3.0.7",
            "resolved": "https://registry.npmjs.org/csstype/-/csstype-3.0.7.tgz",
            "integrity": "sha512-KxnUB0ZMlnUWCsx2Z8MUsr6qV6ja1w9ArPErJaJaF8a5SOWoHLIszeCTKGRGRgtLgYrs1E8CHkNSP1VZTTPc9g=="
        },
        "dom-helpers": {
            "version": "5.2.0",
            "resolved": "https://registry.npmjs.org/dom-helpers/-/dom-helpers-5.2.0.tgz",
            "integrity": "sha512-Ru5o9+V8CpunKnz5LGgWXkmrH/20cGKwcHwS4m73zIvs54CN9epEmT/HLqFJW3kXpakAFkEdzgy1hzlJe3E4OQ==",
            "requires": {
                "@babel/runtime": "^7.8.7",
                "csstype": "^3.0.2"
            }
        },
        "js-tokens": {
            "version": "4.0.0",
            "resolved": "https://registry.npmjs.org/js-tokens/-/js-tokens-4.0.0.tgz",
            "integrity": "sha512-RdJUflcE3cUzKiMqQgsCu06FPu9UdIJO0beYbPhHN4k6apgJtifcoCtT9bcxOpYBtpD2kCM6Sbzg4CausW/PKQ=="
        },
        "loose-envify": {
            "version": "1.4.0",
            "resolved": "https://registry.npmjs.org/loose-envify/-/loose-envify-1.4.0.tgz",
            "integrity": "sha512-lyuxPGr/Wfhrlem2CL/UcnUc1zcqKAImBDzukY7Y5F/yQiNdko6+fRLevlw1HgMySw7f611UIY408EtxRSoK3Q==",
            "requires": {
                "js-tokens": "^3.0.0 || ^4.0.0"
            }
        },
        "object-assign": {
            "version": "4.1.1",
            "resolved": "https://registry.npmjs.org/object-assign/-/object-assign-4.1.1.tgz",
            "integrity": "sha1-IQmtx5ZYh8/AXLvUQsrIv7s2CGM="
        },
        "prop-types": {
            "version": "15.7.2",
            "resolved": "https://registry.npmjs.org/prop-types/-/prop-types-15.7.2.tgz",
            "integrity": "sha512-8QQikdH7//R2vurIJSutZ1smHYTcLpRWEOlHnzcWHmBYrOGUysKwSsrC89BCiFj3CbrfJ/nXFdJepOVrY1GCHQ==",
            "requires": {
                "loose-envify": "^1.4.0",
                "object-assign": "^4.1.1",
                "react-is": "^16.8.1"
            }
        },
        "react-is": {
            "version": "16.13.1",
            "resolved": "https://registry.npmjs.org/react-is/-/react-is-16.13.1.tgz",
            "integrity": "sha512-24e6ynE2H+OKt4kqsOvNd8kBpV65zoxbA4BVsEOB3ARVWQki/DHzaUoC5KuON/BiccDaCCTZBuOcfZs70kR8bQ=="
        },
        "react-md": {
            "version": "2.6.0",
            "resolved": "https://registry.npmjs.org/react-md/-/react-md-2.6.0.tgz",
            "integrity": "sha512-DOH5/QZLZFuUSHsidihBBrjxN9SoBO4yYLJu4kbQ2Ym4SoYJRxfL+FEwQtkY7xGsWk3PKJ4U4NowkVEA5qWJoA==",
            "requires": {
                "@react-md/alert": "^2.6.0",
                "@react-md/app-bar": "^2.6.0",
                "@react-md/autocomplete": "^2.6.0",
                "@react-md/avatar": "^2.6.0",
                "@react-md/badge": "^2.6.0",
                "@react-md/button": "^2.6.0",
                "@react-md/card": "^2.6.0",
                "@react-md/chip": "^2.6.0",
                "@react-md/dialog": "^2.6.0",
                "@react-md/divider": "^2.6.0",
                "@react-md/elevation": "^2.6.0",
                "@react-md/expansion-panel": "^2.6.0",
                "@react-md/form": "^2.6.0",
                "@react-md/icon": "^2.6.0",
                "@react-md/layout": "^2.6.0",
                "@react-md/link": "^2.6.0",
                "@react-md/list": "^2.6.0",
                "@react-md/material-icons": "^2.6.0",
                "@react-md/media": "^2.6.0",
                "@react-md/menu": "^2.6.0",
                "@react-md/overlay": "^2.6.0",
                "@react-md/portal": "^2.5.0",
                "@react-md/progress": "^2.6.0",
                "@react-md/sheet": "^2.6.0",
                "@react-md/states": "^2.6.0",
                "@react-md/table": "^2.6.0",
                "@react-md/tabs": "^2.6.0",
                "@react-md/theme": "^2.6.0",
                "@react-md/tooltip": "^2.6.0",
                "@react-md/transition": "^2.6.0",
                "@react-md/tree": "^2.6.0",
                "@react-md/typography": "^2.6.0",
                "@react-md/utils": "^2.6.0"
            }
        },
        "react-transition-group": {
            "version": "4.4.1",
            "resolved": "https://registry.npmjs.org/react-transition-group/-/react-transition-group-4.4.1.tgz",
            "integrity": "sha512-Djqr7OQ2aPUiYurhPalTrVy9ddmFCCzwhqQmtN+J3+3DzLO209Fdr70QrN8Z3DsglWql6iY1lDWAfpFiBtuKGw==",
            "requires": {
                "@babel/runtime": "^7.5.5",
                "dom-helpers": "^5.0.1",
                "loose-envify": "^1.4.0",
                "prop-types": "^15.6.2"
            }
        },
        "regenerator-runtime": {
            "version": "0.13.7",
            "resolved": "https://registry.npmjs.org/regenerator-runtime/-/regenerator-runtime-0.13.7.tgz",
            "integrity": "sha512-a54FxoJDIr27pgf7IgeQGxmqUNYrcV338lf/6gH456HZ/PhX+5BcwHXG9ajESmwe6WRO0tAzRUrRmNONWgkrew=="
        },
        "resize-observer-polyfill": {
            "version": "1.5.1",
            "resolved": "https://registry.npmjs.org/resize-observer-polyfill/-/resize-observer-polyfill-1.5.1.tgz",
            "integrity": "sha512-LwZrotdHOo12nQuZlHEmtuXdqGoOD0OhaxopaNFxWzInpEgaLWoVuAMbTzixuosCx2nEG58ngzW3vxdWoxIgdg=="
        }
    }
}
